
Microsoft Visual Studio Solution File, Format Version 12.00
# Visual Studio Version 16
VisualStudioVersion = 16.0.31624.102
MinimumVisualStudioVersion = 10.0.40219.1
Project("{FAE04EC0-301F-11D3-BF4B-00C04F79EFBC}") = "PairProgrammingConsoleGame", "PairProgrammingConsoleGame\PairProgrammingConsoleGame.csproj", "{3901DD64-DE38-48E3-91E9-A7171C44FA21}"
EndProject
Global
	GlobalSection(SolutionConfigurationPlatforms) = preSolution
		Debug|Any CPU = Debug|Any CPU
		Release|Any CPU = Release|Any CPU
	EndGlobalSection
	GlobalSection(ProjectConfigurationPlatforms) = postSolution
		{3901DD64-DE38-48E3-91E9-A7171C44FA21}.Debug|Any CPU.ActiveCfg = Debug|Any CPU
		{3901DD64-DE38-48E3-91E9-A7171C44FA21}.Debug|Any CPU.Build.0 = Debug|Any CPU
		{3901DD64-DE38-48E3-91E9-A7171C44FA21}.Release|Any CPU.ActiveCfg = Release|Any CPU
		{3901DD64-DE38-48E3-91E9-A7171C44FA21}.Release|Any CPU.Build.0 = Release|Any CPU
	EndGlobalSection
	GlobalSection(SolutionProperties) = preSolution
		HideSolutionNode = FALSE
	EndGlobalSection
	GlobalSection(ExtensibilityGlobals) = postSolution
		SolutionGuid = {A3CB6C5F-D475-44A9-8DCB-7F6A13CC1A61}
	EndGlobalSection
EndGlobal
